
Microsoft Visual Studio Solution File, Format Version 12.00
# Visual Studio Version 16
VisualStudioVersion = 16.0.30330.147
MinimumVisualStudioVersion = 10.0.40219.1
Project("{9A19103F-16F7-4668-BE54-9A1E7A4F7556}") = "XliffCompiler", "XliffCompiler\XliffCompiler.csproj", "{896B391E-BCC8-43CF-8CE7-1EE3E6B6730F}"
EndProject
Project("{9A19103F-16F7-4668-BE54-9A1E7A4F7556}") = "XliffCompiler.Test", "XliffCompiler.Test\XliffCompiler.Test.csproj", "{83E701FD-79F3-4795-8D5E-4B15C3A08A2A}"
EndProject
Project("{9A19103F-16F7-4668-BE54-9A1E7A4F7556}") = "XliffCompiler.NuGetTest", "XliffCompiler.NuGetTest\XliffCompiler.NuGetTest.csproj", "{C96F68A2-D2A6-419C-8D41-3F4506C41A20}"
EndProject
Global
	GlobalSection(SolutionConfigurationPlatforms) = preSolution
		Debug|Any CPU = Debug|Any CPU
		Release|Any CPU = Release|Any CPU
	EndGlobalSection
	GlobalSection(ProjectConfigurationPlatforms) = postSolution
		{896B391E-BCC8-43CF-8CE7-1EE3E6B6730F}.Debug|Any CPU.ActiveCfg = Debug|Any CPU
		{896B391E-BCC8-43CF-8CE7-1EE3E6B6730F}.Debug|Any CPU.Build.0 = Debug|Any CPU
		{896B391E-BCC8-43CF-8CE7-1EE3E6B6730F}.Release|Any CPU.ActiveCfg = Release|Any CPU
		{896B391E-BCC8-43CF-8CE7-1EE3E6B6730F}.Release|Any CPU.Build.0 = Release|Any CPU
		{83E701FD-79F3-4795-8D5E-4B15C3A08A2A}.Debug|Any CPU.ActiveCfg = Debug|Any CPU
		{83E701FD-79F3-4795-8D5E-4B15C3A08A2A}.Debug|Any CPU.Build.0 = Debug|Any CPU
		{83E701FD-79F3-4795-8D5E-4B15C3A08A2A}.Release|Any CPU.ActiveCfg = Release|Any CPU
		{83E701FD-79F3-4795-8D5E-4B15C3A08A2A}.Release|Any CPU.Build.0 = Release|Any CPU
		{C96F68A2-D2A6-419C-8D41-3F4506C41A20}.Debug|Any CPU.ActiveCfg = Debug|Any CPU
		{C96F68A2-D2A6-419C-8D41-3F4506C41A20}.Debug|Any CPU.Build.0 = Debug|Any CPU
		{C96F68A2-D2A6-419C-8D41-3F4506C41A20}.Release|Any CPU.ActiveCfg = Release|Any CPU
		{C96F68A2-D2A6-419C-8D41-3F4506C41A20}.Release|Any CPU.Build.0 = Release|Any CPU
	EndGlobalSection
	GlobalSection(SolutionProperties) = preSolution
		HideSolutionNode = FALSE
	EndGlobalSection
	GlobalSection(ExtensibilityGlobals) = postSolution
		SolutionGuid = {030CA70C-2E55-4A08-A1EC-DA1B96B78911}
	EndGlobalSection
EndGlobal
